
Microsoft Visual Studio Solution File, Format Version 12.00
# Visual Studio Version 17
VisualStudioVersion = 17.9.34607.119
MinimumVisualStudioVersion = 10.0.40219.1
Project("{FAE04EC0-301F-11D3-BF4B-00C04F79EFBC}") = "ChallengeRecursiva", "ChallengeRecursiva\ChallengeRecursiva.csproj", "{30CBF173-4E34-4ED3-BE9B-50D178416683}"
EndProject
Global
	GlobalSection(SolutionConfigurationPlatforms) = preSolution
		Debug|Any CPU = Debug|Any CPU
		Release|Any CPU = Release|Any CPU
	EndGlobalSection
	GlobalSection(ProjectConfigurationPlatforms) = postSolution
		{30CBF173-4E34-4ED3-BE9B-50D178416683}.Debug|Any CPU.ActiveCfg = Debug|Any CPU
		{30CBF173-4E34-4ED3-BE9B-50D178416683}.Debug|Any CPU.Build.0 = Debug|Any CPU
		{30CBF173-4E34-4ED3-BE9B-50D178416683}.Release|Any CPU.ActiveCfg = Release|Any CPU
		{30CBF173-4E34-4ED3-BE9B-50D178416683}.Release|Any CPU.Build.0 = Release|Any CPU
	EndGlobalSection
	GlobalSection(SolutionProperties) = preSolution
		HideSolutionNode = FALSE
	EndGlobalSection
	GlobalSection(ExtensibilityGlobals) = postSolution
		SolutionGuid = {42976DB1-7515-49BD-9764-609EE68F4623}
	EndGlobalSection
EndGlobal
